
Microsoft Visual Studio Solution File, Format Version 12.00
# Visual Studio 2012
Project("{FAE04EC0-301F-11D3-BF4B-00C04F79EFBC}") = "TrabajoPractico1", "TrabajoPractico1\TrabajoPractico1.csproj", "{3FD2F4AB-7EF1-4FF7-9C27-48D8D1393105}"
EndProject
Global
	GlobalSection(SolutionConfigurationPlatforms) = preSolution
		Debug|Any CPU = Debug|Any CPU
		Release|Any CPU = Release|Any CPU
	EndGlobalSection
	GlobalSection(ProjectConfigurationPlatforms) = postSolution
		{3FD2F4AB-7EF1-4FF7-9C27-48D8D1393105}.Debug|Any CPU.ActiveCfg = Debug|Any CPU
		{3FD2F4AB-7EF1-4FF7-9C27-48D8D1393105}.Debug|Any CPU.Build.0 = Debug|Any CPU
		{3FD2F4AB-7EF1-4FF7-9C27-48D8D1393105}.Release|Any CPU.ActiveCfg = Release|Any CPU
		{3FD2F4AB-7EF1-4FF7-9C27-48D8D1393105}.Release|Any CPU.Build.0 = Release|Any CPU
	EndGlobalSection
	GlobalSection(SolutionProperties) = preSolution
		HideSolutionNode = FALSE
	EndGlobalSection
EndGlobal
